
Microsoft Visual Studio Solution File, Format Version 12.00
# Visual Studio 15
VisualStudioVersion = 15.0.28010.2026
MinimumVisualStudioVersion = 10.0.40219.1
Project("{FAE04EC0-301F-11D3-BF4B-00C04F79EFBC}") = "DenemeIdentitiy", "DenemeIdentitiy\DenemeIdentitiy.csproj", "{0960E20B-9521-40C7-9544-6097CE12C036}"
EndProject
Global
	GlobalSection(SolutionConfigurationPlatforms) = preSolution
		Debug|Any CPU = Debug|Any CPU
		Release|Any CPU = Release|Any CPU
	EndGlobalSection
	GlobalSection(ProjectConfigurationPlatforms) = postSolution
		{0960E20B-9521-40C7-9544-6097CE12C036}.Debug|Any CPU.ActiveCfg = Debug|Any CPU
		{0960E20B-9521-40C7-9544-6097CE12C036}.Debug|Any CPU.Build.0 = Debug|Any CPU
		{0960E20B-9521-40C7-9544-6097CE12C036}.Release|Any CPU.ActiveCfg = Release|Any CPU
		{0960E20B-9521-40C7-9544-6097CE12C036}.Release|Any CPU.Build.0 = Release|Any CPU
	EndGlobalSection
	GlobalSection(SolutionProperties) = preSolution
		HideSolutionNode = FALSE
	EndGlobalSection
	GlobalSection(ExtensibilityGlobals) = postSolution
		SolutionGuid = {C2EB938B-E098-4F94-80B3-4D55D5EAA748}
	EndGlobalSection
EndGlobal
